
Microsoft Visual Studio Solution File, Format Version 12.00
# Visual Studio Version 16
VisualStudioVersion = 16.0.30204.135
MinimumVisualStudioVersion = 10.0.40219.1
Project("{FAE04EC0-301F-11D3-BF4B-00C04F79EFBC}") = "G1ANT.Addon.Chinagri", "G1ANT.Addon.Chinagri\G1ANT.Addon.Chinagri.csproj", "{99C126EE-6B3B-4CC4-91EE-830FF28239BD}"
EndProject
Global
	GlobalSection(SolutionConfigurationPlatforms) = preSolution
		Debug|Any CPU = Debug|Any CPU
		Release|Any CPU = Release|Any CPU
	EndGlobalSection
	GlobalSection(ProjectConfigurationPlatforms) = postSolution
		{99C126EE-6B3B-4CC4-91EE-830FF28239BD}.Debug|Any CPU.ActiveCfg = Debug|Any CPU
		{99C126EE-6B3B-4CC4-91EE-830FF28239BD}.Debug|Any CPU.Build.0 = Debug|Any CPU
		{99C126EE-6B3B-4CC4-91EE-830FF28239BD}.Release|Any CPU.ActiveCfg = Release|Any CPU
		{99C126EE-6B3B-4CC4-91EE-830FF28239BD}.Release|Any CPU.Build.0 = Release|Any CPU
	EndGlobalSection
	GlobalSection(SolutionProperties) = preSolution
		HideSolutionNode = FALSE
	EndGlobalSection
	GlobalSection(ExtensibilityGlobals) = postSolution
		SolutionGuid = {8C3BC9C7-34C8-4D1A-8EE2-4F198140B797}
	EndGlobalSection
EndGlobal
